{
  "name": "@raychee/catalyst-plugin-neo4j",
  "version": "0.0.2",
  "lockfileVersion": 1,
  "requires": true,
  "dependencies": {
    "@raychee/utils": {
      "version": "0.2.3",
      "resolved": "https://registry.npm.taobao.org/@raychee/utils/download/@raychee/utils-0.2.3.tgz?cache=0&sync_timestamp=1589030151537&other_urls=https%3A%2F%2Fregistry.npm.taobao.org%2F%40raychee%2Futils%2Fdownload%2F%40raychee%2Futils-0.2.3.tgz",
      "integrity": "sha1-duhcRJEtR9pdGH3sYR73HS2T3lQ=",
      "requires": {
        "fast-json-stable-stringify": "^2.1.0",
        "lodash": "^4.17.15"
      }
    },
    "fast-json-stable-stringify": {
      "version": "2.1.0",
      "resolved": "https://registry.npm.taobao.org/fast-json-stable-stringify/download/fast-json-stable-stringify-2.1.0.tgz?cache=0&sync_timestamp=1576340291001&other_urls=https%3A%2F%2Fregistry.npm.taobao.org%2Ffast-json-stable-stringify%2Fdownload%2Ffast-json-stable-stringify-2.1.0.tgz",
      "integrity": "sha1-h0v2nG9ATCtdmcSBNBOZ/VWJJjM="
    },
    "lodash": {
      "version": "4.17.19",
      "resolved": "https://registry.npmjs.org/lodash/-/lodash-4.17.19.tgz",
      "integrity": "sha512-JNvd8XER9GQX0v2qJgsaN/mzFCNA5BRe/j8JN9d+tWyGLSodKQHKFicdwNYzWwI3wjRnaKPsGj1XkBjx/F96DQ=="
    },
    "uuid": {
      "version": "7.0.3",
      "resolved": "https://registry.npm.taobao.org/uuid/download/uuid-7.0.3.tgz?cache=0&sync_timestamp=1585683718911&other_urls=https%3A%2F%2Fregistry.npm.taobao.org%2Fuuid%2Fdownload%2Fuuid-7.0.3.tgz",
      "integrity": "sha1-xcnyyM8l3Ao3LE3xRBxB9b0MaAs="
    }
  }
}
